
Microsoft Visual Studio Solution File, Format Version 12.00
# Visual Studio Version 17
VisualStudioVersion = 17.0.32112.339
MinimumVisualStudioVersion = 10.0.40219.1
Project("{FAE04EC0-301F-11D3-BF4B-00C04F79EFBC}") = "FollowerService", "FollowService\FollowerService.csproj", "{F16CD2EF-3085-402C-9579-583618CD7976}"
EndProject
Global
	GlobalSection(SolutionConfigurationPlatforms) = preSolution
		Debug|Any CPU = Debug|Any CPU
		Release|Any CPU = Release|Any CPU
	EndGlobalSection
	GlobalSection(ProjectConfigurationPlatforms) = postSolution
		{F16CD2EF-3085-402C-9579-583618CD7976}.Debug|Any CPU.ActiveCfg = Debug|Any CPU
		{F16CD2EF-3085-402C-9579-583618CD7976}.Debug|Any CPU.Build.0 = Debug|Any CPU
		{F16CD2EF-3085-402C-9579-583618CD7976}.Release|Any CPU.ActiveCfg = Release|Any CPU
		{F16CD2EF-3085-402C-9579-583618CD7976}.Release|Any CPU.Build.0 = Release|Any CPU
	EndGlobalSection
	GlobalSection(SolutionProperties) = preSolution
		HideSolutionNode = FALSE
	EndGlobalSection
	GlobalSection(ExtensibilityGlobals) = postSolution
		SolutionGuid = {B5C17E2E-104B-4DB3-920E-9139B5750476}
	EndGlobalSection
EndGlobal
